// !$*UTF8*$!
{
	archiveVersion = 1;
	classes = {
	};
	objectVersion = 46;
	objects = {

/* Begin PBXBuildFile section */
		CC5E3044B5B6108889E2B2CA /* libPods-VIPERDemo.a in Frameworks */ = {isa = PBXBuildFile; fileRef = 4707886A20050BC123243649 /* libPods-VIPERDemo.a */; };
		D61E0D561D6EE6C700DAC26D /* main.m in Sources */ = {isa = PBXBuildFile; fileRef = D61E0D551D6EE6C700DAC26D /* main.m */; };
		D61E0D5F1D6EE6C700DAC26D /* Main.storyboard in Resources */ = {isa = PBXBuildFile; fileRef = D61E0D5D1D6EE6C700DAC26D /* Main.storyboard */; };
		D61E0D621D6EE6C700DAC26D /* VIPERDemo.xcdatamodeld in Sources */ = {isa = PBXBuildFile; fileRef = D61E0D601D6EE6C700DAC26D /* VIPERDemo.xcdatamodeld */; };
		D61E0D641D6EE6C700DAC26D /* Assets.xcassets in Resources */ = {isa = PBXBuildFile; fileRef = D61E0D631D6EE6C700DAC26D /* Assets.xcassets */; };
		D61E0D671D6EE6C700DAC26D /* LaunchScreen.storyboard in Resources */ = {isa = PBXBuildFile; fileRef = D61E0D651D6EE6C700DAC26D /* LaunchScreen.storyboard */; };
		D61E0D7E1D6EFF4900DAC26D /* ContactAPIService.m in Sources */ = {isa = PBXBuildFile; fileRef = D61E0D7D1D6EFF4900DAC26D /* ContactAPIService.m */; };
		D61E0D811D6EFF6B00DAC26D /* ContactDBStore.m in Sources */ = {isa = PBXBuildFile; fileRef = D61E0D801D6EFF6B00DAC26D /* ContactDBStore.m */; };
		D61E0D841D6F003600DAC26D /* ContactModel.m in Sources */ = {isa = PBXBuildFile; fileRef = D61E0D831D6F003600DAC26D /* ContactModel.m */; };
		D61E0D881D6F005300DAC26D /* AccountModel.m in Sources */ = {isa = PBXBuildFile; fileRef = D61E0D871D6F005300DAC26D /* AccountModel.m */; };
		D61E0D8D1D6F007700DAC26D /* AccountAPIService.m in Sources */ = {isa = PBXBuildFile; fileRef = D61E0D8C1D6F007700DAC26D /* AccountAPIService.m */; };
		D61E0D901D6F00D500DAC26D /* AccountDBStore.m in Sources */ = {isa = PBXBuildFile; fileRef = D61E0D8F1D6F00D500DAC26D /* AccountDBStore.m */; };
		D61E0DAF1D6FBC8500DAC26D /* DemoAppContainerWireframe.m in Sources */ = {isa = PBXBuildFile; fileRef = D61E0DAE1D6FBC8500DAC26D /* DemoAppContainerWireframe.m */; };
		D61E0DB21D6FBCDD00DAC26D /* DemoAppContainerInteractor.m in Sources */ = {isa = PBXBuildFile; fileRef = D61E0DB11D6FBCDD00DAC26D /* DemoAppContainerInteractor.m */; };
		D61E0DB51D6FBCE800DAC26D /* DemoAppContainerPresenter.m in Sources */ = {isa = PBXBuildFile; fileRef = D61E0DB41D6FBCE800DAC26D /* DemoAppContainerPresenter.m */; };
		D61E0DB81D6FBD0200DAC26D /* DemoAppContainerViewController.m in Sources */ = {isa = PBXBuildFile; fileRef = D61E0DB71D6FBD0200DAC26D /* DemoAppContainerViewController.m */; };
		D61E0DC01D6FDA7500DAC26D /* AppDelegate.m in Sources */ = {isa = PBXBuildFile; fileRef = D61E0DBC1D6FDA7500DAC26D /* AppDelegate.m */; };
		D61E0DC31D6FDEA200DAC26D /* DemoAppContainerViewController.xib in Resources */ = {isa = PBXBuildFile; fileRef = D61E0DC21D6FDEA200DAC26D /* DemoAppContainerViewController.xib */; };
		D6F668241D73428E00192E24 /* DemoAppContainerViewModel.m in Sources */ = {isa = PBXBuildFile; fileRef = D6F668231D73428E00192E24 /* DemoAppContainerViewModel.m */; };
		D6F668411D74F86300192E24 /* ListAccountInteractor.m in Sources */ = {isa = PBXBuildFile; fileRef = D6F668341D74F86300192E24 /* ListAccountInteractor.m */; };
		D6F668421D74F86300192E24 /* ListAccountPresenter.m in Sources */ = {isa = PBXBuildFile; fileRef = D6F668371D74F86300192E24 /* ListAccountPresenter.m */; };
		D6F668431D74F86300192E24 /* ListAccountViewController.m in Sources */ = {isa = PBXBuildFile; fileRef = D6F6683A1D74F86300192E24 /* ListAccountViewController.m */; };
		D6F668441D74F86300192E24 /* ListAccountViewModel.m in Sources */ = {isa = PBXBuildFile; fileRef = D6F6683D1D74F86300192E24 /* ListAccountViewModel.m */; };
		D6F668451D74F86300192E24 /* ListAccountWireframe.m in Sources */ = {isa = PBXBuildFile; fileRef = D6F668401D74F86300192E24 /* ListAccountWireframe.m */; };
		D6F668561D74F87300192E24 /* ListContactInteractor.m in Sources */ = {isa = PBXBuildFile; fileRef = D6F668491D74F87300192E24 /* ListContactInteractor.m */; };
		D6F668571D74F87300192E24 /* ListContactPresenter.m in Sources */ = {isa = PBXBuildFile; fileRef = D6F6684C1D74F87300192E24 /* ListContactPresenter.m */; };
		D6F668581D74F87300192E24 /* ListContactViewController.m in Sources */ = {isa = PBXBuildFile; fileRef = D6F6684F1D74F87300192E24 /* ListContactViewController.m */; };
		D6F668591D74F87300192E24 /* ListContactViewModel.m in Sources */ = {isa = PBXBuildFile; fileRef = D6F668521D74F87300192E24 /* ListContactViewModel.m */; };
		D6F6685A1D74F87300192E24 /* ListContactWireframe.m in Sources */ = {isa = PBXBuildFile; fileRef = D6F668551D74F87300192E24 /* ListContactWireframe.m */; };
/* End PBXBuildFile section */

/* Begin PBXFileReference section */
		4707886A20050BC123243649 /* libPods-VIPERDemo.a */ = {isa = PBXFileReference; explicitFileType = archive.ar; includeInIndex = 0; path = "libPods-VIPERDemo.a"; sourceTree = BUILT_PRODUCTS_DIR; };
		516679E5E17EF0BD650EE455 /* Pods-VIPERDemo.release.xcconfig */ = {isa = PBXFileReference; includeInIndex = 1; lastKnownFileType = text.xcconfig; name = "Pods-VIPERDemo.release.xcconfig"; path = "Pods/Target Support Files/Pods-VIPERDemo/Pods-VIPERDemo.release.xcconfig"; sourceTree = "<group>"; };
		C5907DB2733FD8F84D0A2057 /* Pods-VIPERDemo.debug.xcconfig */ = {isa = PBXFileReference; includeInIndex = 1; lastKnownFileType = text.xcconfig; name = "Pods-VIPERDemo.debug.xcconfig"; path = "Pods/Target Support Files/Pods-VIPERDemo/Pods-VIPERDemo.debug.xcconfig"; sourceTree = "<group>"; };
		D61E0D511D6EE6C700DAC26D /* VIPERDemo.app */ = {isa = PBXFileReference; explicitFileType = wrapper.application; includeInIndex = 0; path = VIPERDemo.app; sourceTree = BUILT_PRODUCTS_DIR; };
		D61E0D551D6EE6C700DAC26D /* main.m */ = {isa = PBXFileReference; lastKnownFileType = sourcecode.c.objc; path = main.m; sourceTree = "<group>"; };
		D61E0D5E1D6EE6C700DAC26D /* Base */ = {isa = PBXFileReference; lastKnownFileType = file.storyboard; name = Base; path = Base.lproj/Main.storyboard; sourceTree = "<group>"; };
		D61E0D611D6EE6C700DAC26D /* VIPERDemo.xcdatamodel */ = {isa = PBXFileReference; lastKnownFileType = wrapper.xcdatamodel; path = VIPERDemo.xcdatamodel; sourceTree = "<group>"; };
		D61E0D631D6EE6C700DAC26D /* Assets.xcassets */ = {isa = PBXFileReference; lastKnownFileType = folder.assetcatalog; path = Assets.xcassets; sourceTree = "<group>"; };
		D61E0D661D6EE6C700DAC26D /* Base */ = {isa = PBXFileReference; lastKnownFileType = file.storyboard; name = Base; path = Base.lproj/LaunchScreen.storyboard; sourceTree = "<group>"; };
		D61E0D681D6EE6C700DAC26D /* Info.plist */ = {isa = PBXFileReference; lastKnownFileType = text.plist.xml; path = Info.plist; sourceTree = "<group>"; };
		D61E0D7C1D6EFF4900DAC26D /* ContactAPIService.h */ = {isa = PBXFileReference; fileEncoding = 4; lastKnownFileType = sourcecode.c.h; path = ContactAPIService.h; sourceTree = "<group>"; };
		D61E0D7D1D6EFF4900DAC26D /* ContactAPIService.m */ = {isa = PBXFileReference; fileEncoding = 4; lastKnownFileType = sourcecode.c.objc; path = ContactAPIService.m; sourceTree = "<group>"; };
		D61E0D7F1D6EFF6B00DAC26D /* ContactDBStore.h */ = {isa = PBXFileReference; fileEncoding = 4; lastKnownFileType = sourcecode.c.h; path = ContactDBStore.h; sourceTree = "<group>"; };
		D61E0D801D6EFF6B00DAC26D /* ContactDBStore.m */ = {isa = PBXFileReference; fileEncoding = 4; lastKnownFileType = sourcecode.c.objc; path = ContactDBStore.m; sourceTree = "<group>"; };
		D61E0D821D6F003600DAC26D /* ContactModel.h */ = {isa = PBXFileReference; fileEncoding = 4; lastKnownFileType = sourcecode.c.h; path = ContactModel.h; sourceTree = "<group>"; };
		D61E0D831D6F003600DAC26D /* ContactModel.m */ = {isa = PBXFileReference; fileEncoding = 4; lastKnownFileType = sourcecode.c.objc; path = ContactModel.m; sourceTree = "<group>"; };
		D61E0D861D6F005300DAC26D /* AccountModel.h */ = {isa = PBXFileReference; fileEncoding = 4; lastKnownFileType = sourcecode.c.h; path = AccountModel.h; sourceTree = "<group>"; };
		D61E0D871D6F005300DAC26D /* AccountModel.m */ = {isa = PBXFileReference; fileEncoding = 4; lastKnownFileType = sourcecode.c.objc; path = AccountModel.m; sourceTree = "<group>"; };
		D61E0D8B1D6F007700DAC26D /* AccountAPIService.h */ = {isa = PBXFileReference; fileEncoding = 4; lastKnownFileType = sourcecode.c.h; path = AccountAPIService.h; sourceTree = "<group>"; };
		D61E0D8C1D6F007700DAC26D /* AccountAPIService.m */ = {isa = PBXFileReference; fileEncoding = 4; lastKnownFileType = sourcecode.c.objc; path = AccountAPIService.m; sourceTree = "<group>"; };
		D61E0D8E1D6F00D500DAC26D /* AccountDBStore.h */ = {isa = PBXFileReference; fileEncoding = 4; lastKnownFileType = sourcecode.c.h; path = AccountDBStore.h; sourceTree = "<group>"; };
		D61E0D8F1D6F00D500DAC26D /* AccountDBStore.m */ = {isa = PBXFileReference; fileEncoding = 4; lastKnownFileType = sourcecode.c.objc; path = AccountDBStore.m; sourceTree = "<group>"; };
		D61E0D991D6F013D00DAC26D /* AppContainerInteractor.h */ = {isa = PBXFileReference; fileEncoding = 4; lastKnownFileType = sourcecode.c.h; path = AppContainerInteractor.h; sourceTree = "<group>"; };
		D61E0D9A1D6F018300DAC26D /* AppContainerPresenter.h */ = {isa = PBXFileReference; fileEncoding = 4; lastKnownFileType = sourcecode.c.h; path = AppContainerPresenter.h; sourceTree = "<group>"; };
		D61E0D9B1D6F019400DAC26D /* AppContainerView.h */ = {isa = PBXFileReference; fileEncoding = 4; lastKnownFileType = sourcecode.c.h; path = AppContainerView.h; sourceTree = "<group>"; };
		D61E0D9C1D6F01C100DAC26D /* AppContainerWireframe.h */ = {isa = PBXFileReference; fileEncoding = 4; lastKnownFileType = sourcecode.c.h; path = AppContainerWireframe.h; sourceTree = "<group>"; };
		D61E0DA11D6F025A00DAC26D /* DetailInteractor.h */ = {isa = PBXFileReference; fileEncoding = 4; lastKnownFileType = sourcecode.c.h; path = DetailInteractor.h; sourceTree = "<group>"; };
		D61E0DA21D6F026500DAC26D /* DetailPresenter.h */ = {isa = PBXFileReference; fileEncoding = 4; lastKnownFileType = sourcecode.c.h; path = DetailPresenter.h; sourceTree = "<group>"; };
		D61E0DA31D6F026F00DAC26D /* DetailView.h */ = {isa = PBXFileReference; fileEncoding = 4; lastKnownFileType = sourcecode.c.h; path = DetailView.h; sourceTree = "<group>"; };
		D61E0DA41D6F027A00DAC26D /* DetailWireframe.h */ = {isa = PBXFileReference; fileEncoding = 4; lastKnownFileType = sourcecode.c.h; path = DetailWireframe.h; sourceTree = "<group>"; };
		D61E0DAD1D6FBC8500DAC26D /* DemoAppContainerWireframe.h */ = {isa = PBXFileReference; fileEncoding = 4; lastKnownFileType = sourcecode.c.h; path = DemoAppContainerWireframe.h; sourceTree = "<group>"; };
		D61E0DAE1D6FBC8500DAC26D /* DemoAppContainerWireframe.m */ = {isa = PBXFileReference; fileEncoding = 4; lastKnownFileType = sourcecode.c.objc; path = DemoAppContainerWireframe.m; sourceTree = "<group>"; };
		D61E0DB01D6FBCDD00DAC26D /* DemoAppContainerInteractor.h */ = {isa = PBXFileReference; fileEncoding = 4; lastKnownFileType = sourcecode.c.h; path = DemoAppContainerInteractor.h; sourceTree = "<group>"; };
		D61E0DB11D6FBCDD00DAC26D /* DemoAppContainerInteractor.m */ = {isa = PBXFileReference; fileEncoding = 4; lastKnownFileType = sourcecode.c.objc; path = DemoAppContainerInteractor.m; sourceTree = "<group>"; };
		D61E0DB31D6FBCE800DAC26D /* DemoAppContainerPresenter.h */ = {isa = PBXFileReference; fileEncoding = 4; lastKnownFileType = sourcecode.c.h; path = DemoAppContainerPresenter.h; sourceTree = "<group>"; };
		D61E0DB41D6FBCE800DAC26D /* DemoAppContainerPresenter.m */ = {isa = PBXFileReference; fileEncoding = 4; lastKnownFileType = sourcecode.c.objc; path = DemoAppContainerPresenter.m; sourceTree = "<group>"; };
		D61E0DB61D6FBD0200DAC26D /* DemoAppContainerViewController.h */ = {isa = PBXFileReference; fileEncoding = 4; lastKnownFileType = sourcecode.c.h; path = DemoAppContainerViewController.h; sourceTree = "<group>"; };
		D61E0DB71D6FBD0200DAC26D /* DemoAppContainerViewController.m */ = {isa = PBXFileReference; fileEncoding = 4; lastKnownFileType = sourcecode.c.objc; path = DemoAppContainerViewController.m; sourceTree = "<group>"; };
		D61E0DB91D6FD6F300DAC26D /* AppContainerModule.h */ = {isa = PBXFileReference; lastKnownFileType = sourcecode.c.h; path = AppContainerModule.h; sourceTree = "<group>"; };
		D61E0DBB1D6FDA7500DAC26D /* AppDelegate.h */ = {isa = PBXFileReference; fileEncoding = 4; lastKnownFileType = sourcecode.c.h; path = AppDelegate.h; sourceTree = "<group>"; };
		D61E0DBC1D6FDA7500DAC26D /* AppDelegate.m */ = {isa = PBXFileReference; fileEncoding = 4; lastKnownFileType = sourcecode.c.objc; path = AppDelegate.m; sourceTree = "<group>"; };
		D61E0DC21D6FDEA200DAC26D /* DemoAppContainerViewController.xib */ = {isa = PBXFileReference; fileEncoding = 4; lastKnownFileType = file.xib; path = DemoAppContainerViewController.xib; sourceTree = "<group>"; };
		D6F668101D72883C00192E24 /* ListModule.h */ = {isa = PBXFileReference; lastKnownFileType = sourcecode.c.h; path = ListModule.h; sourceTree = "<group>"; };
		D6F668211D73428E00192E24 /* AppContainerViewModel.h */ = {isa = PBXFileReference; fileEncoding = 4; lastKnownFileType = sourcecode.c.h; path = AppContainerViewModel.h; sourceTree = "<group>"; };
		D6F668221D73428E00192E24 /* DemoAppContainerViewModel.h */ = {isa = PBXFileReference; fileEncoding = 4; lastKnownFileType = sourcecode.c.h; path = DemoAppContainerViewModel.h; sourceTree = "<group>"; };
		D6F668231D73428E00192E24 /* DemoAppContainerViewModel.m */ = {isa = PBXFileReference; fileEncoding = 4; lastKnownFileType = sourcecode.c.objc; path = DemoAppContainerViewModel.m; sourceTree = "<group>"; };
		D6F6682C1D74F84D00192E24 /* ListInteractor.h */ = {isa = PBXFileReference; fileEncoding = 4; lastKnownFileType = sourcecode.c.h; path = ListInteractor.h; sourceTree = "<group>"; };
		D6F6682D1D74F84D00192E24 /* ListPresenter.h */ = {isa = PBXFileReference; fileEncoding = 4; lastKnownFileType = sourcecode.c.h; path = ListPresenter.h; sourceTree = "<group>"; };
		D6F6682E1D74F84D00192E24 /* ListView.h */ = {isa = PBXFileReference; fileEncoding = 4; lastKnownFileType = sourcecode.c.h; path = ListView.h; sourceTree = "<group>"; };
		D6F6682F1D74F84D00192E24 /* ListViewModel.h */ = {isa = PBXFileReference; fileEncoding = 4; lastKnownFileType = sourcecode.c.h; path = ListViewModel.h; sourceTree = "<group>"; };
		D6F668301D74F84D00192E24 /* ListWireframe.h */ = {isa = PBXFileReference; fileEncoding = 4; lastKnownFileType = sourcecode.c.h; path = ListWireframe.h; sourceTree = "<group>"; };
		D6F668331D74F86300192E24 /* ListAccountInteractor.h */ = {isa = PBXFileReference; fileEncoding = 4; lastKnownFileType = sourcecode.c.h; path = ListAccountInteractor.h; sourceTree = "<group>"; };
		D6F668341D74F86300192E24 /* ListAccountInteractor.m */ = {isa = PBXFileReference; fileEncoding = 4; lastKnownFileType = sourcecode.c.objc; path = ListAccountInteractor.m; sourceTree = "<group>"; };
		D6F668361D74F86300192E24 /* ListAccountPresenter.h */ = {isa = PBXFileReference; fileEncoding = 4; lastKnownFileType = sourcecode.c.h; path = ListAccountPresenter.h; sourceTree = "<group>"; };
		D6F668371D74F86300192E24 /* ListAccountPresenter.m */ = {isa = PBXFileReference; fileEncoding = 4; lastKnownFileType = sourcecode.c.objc; path = ListAccountPresenter.m; sourceTree = "<group>"; };
		D6F668391D74F86300192E24 /* ListAccountViewController.h */ = {isa = PBXFileReference; fileEncoding = 4; lastKnownFileType = sourcecode.c.h; path = ListAccountViewController.h; sourceTree = "<group>"; };
		D6F6683A1D74F86300192E24 /* ListAccountViewController.m */ = {isa = PBXFileReference; fileEncoding = 4; lastKnownFileType = sourcecode.c.objc; path = ListAccountViewController.m; sourceTree = "<group>"; };
		D6F6683C1D74F86300192E24 /* ListAccountViewModel.h */ = {isa = PBXFileReference; fileEncoding = 4; lastKnownFileType = sourcecode.c.h; path = ListAccountViewModel.h; sourceTree = "<group>"; };
		D6F6683D1D74F86300192E24 /* ListAccountViewModel.m */ = {isa = PBXFileReference; fileEncoding = 4; lastKnownFileType = sourcecode.c.objc; path = ListAccountViewModel.m; sourceTree = "<group>"; };
		D6F6683F1D74F86300192E24 /* ListAccountWireframe.h */ = {isa = PBXFileReference; fileEncoding = 4; lastKnownFileType = sourcecode.c.h; path = ListAccountWireframe.h; sourceTree = "<group>"; };
		D6F668401D74F86300192E24 /* ListAccountWireframe.m */ = {isa = PBXFileReference; fileEncoding = 4; lastKnownFileType = sourcecode.c.objc; path = ListAccountWireframe.m; sourceTree = "<group>"; };
		D6F668481D74F87300192E24 /* ListContactInteractor.h */ = {isa = PBXFileReference; fileEncoding = 4; lastKnownFileType = sourcecode.c.h; path = ListContactInteractor.h; sourceTree = "<group>"; };
		D6F668491D74F87300192E24 /* ListContactInteractor.m */ = {isa = PBXFileReference; fileEncoding = 4; lastKnownFileType = sourcecode.c.objc; path = ListContactInteractor.m; sourceTree = "<group>"; };
		D6F6684B1D74F87300192E24 /* ListContactPresenter.h */ = {isa = PBXFileReference; fileEncoding = 4; lastKnownFileType = sourcecode.c.h; path = ListContactPresenter.h; sourceTree = "<group>"; };
		D6F6684C1D74F87300192E24 /* ListContactPresenter.m */ = {isa = PBXFileReference; fileEncoding = 4; lastKnownFileType = sourcecode.c.objc; path = ListContactPresenter.m; sourceTree = "<group>"; };
		D6F6684E1D74F87300192E24 /* ListContactViewController.h */ = {isa = PBXFileReference; fileEncoding = 4; lastKnownFileType = sourcecode.c.h; path = ListContactViewController.h; sourceTree = "<group>"; };
		D6F6684F1D74F87300192E24 /* ListContactViewController.m */ = {isa = PBXFileReference; fileEncoding = 4; lastKnownFileType = sourcecode.c.objc; path = ListContactViewController.m; sourceTree = "<group>"; };
		D6F668511D74F87300192E24 /* ListContactViewModel.h */ = {isa = PBXFileReference; fileEncoding = 4; lastKnownFileType = sourcecode.c.h; path = ListContactViewModel.h; sourceTree = "<group>"; };
		D6F668521D74F87300192E24 /* ListContactViewModel.m */ = {isa = PBXFileReference; fileEncoding = 4; lastKnownFileType = sourcecode.c.objc; path = ListContactViewModel.m; sourceTree = "<group>"; };
		D6F668541D74F87300192E24 /* ListContactWireframe.h */ = {isa = PBXFileReference; fileEncoding = 4; lastKnownFileType = sourcecode.c.h; path = ListContactWireframe.h; sourceTree = "<group>"; };
		D6F668551D74F87300192E24 /* ListContactWireframe.m */ = {isa = PBXFileReference; fileEncoding = 4; lastKnownFileType = sourcecode.c.objc; path = ListContactWireframe.m; sourceTree = "<group>"; };
/* End PBXFileReference section */

/* Begin PBXFrameworksBuildPhase section */
		D61E0D4E1D6EE6C700DAC26D /* Frameworks */ = {
			isa = PBXFrameworksBuildPhase;
			buildActionMask = 2147483647;
			files = (
				CC5E3044B5B6108889E2B2CA /* libPods-VIPERDemo.a in Frameworks */,
			);
			runOnlyForDeploymentPostprocessing = 0;
		};
/* End PBXFrameworksBuildPhase section */

/* Begin PBXGroup section */
		5510F19008A302517736BBF0 /* Pods */ = {
			isa = PBXGroup;
			children = (
				C5907DB2733FD8F84D0A2057 /* Pods-VIPERDemo.debug.xcconfig */,
				516679E5E17EF0BD650EE455 /* Pods-VIPERDemo.release.xcconfig */,
			);
			name = Pods;
			sourceTree = "<group>";
		};
		D61E0D481D6EE6C700DAC26D = {
			isa = PBXGroup;
			children = (
				D61E0D531D6EE6C700DAC26D /* VIPERDemo */,
				D61E0D521D6EE6C700DAC26D /* Products */,
				5510F19008A302517736BBF0 /* Pods */,
				DB774B703D3B0BC63A6C2E2B /* Frameworks */,
			);
			sourceTree = "<group>";
		};
		D61E0D521D6EE6C700DAC26D /* Products */ = {
			isa = PBXGroup;
			children = (
				D61E0D511D6EE6C700DAC26D /* VIPERDemo.app */,
			);
			name = Products;
			sourceTree = "<group>";
		};
		D61E0D531D6EE6C700DAC26D /* VIPERDemo */ = {
			isa = PBXGroup;
			children = (
				D61E0DBA1D6FDA3700DAC26D /* AppRoot */,
				D61E0D721D6EFD3400DAC26D /* AppContainerModule */,
				D61E0D701D6EFD1E00DAC26D /* ListModule */,
				D61E0D711D6EFD2A00DAC26D /* DetailModule */,
				D61E0D771D6EFDDA00DAC26D /* Core */,
				D61E0D7B1D6EFF0600DAC26D /* Libraries */,
				D61E0D5D1D6EE6C700DAC26D /* Main.storyboard */,
				D61E0D631D6EE6C700DAC26D /* Assets.xcassets */,
				D61E0D651D6EE6C700DAC26D /* LaunchScreen.storyboard */,
				D61E0D681D6EE6C700DAC26D /* Info.plist */,
				D61E0D601D6EE6C700DAC26D /* VIPERDemo.xcdatamodeld */,
				D61E0D541D6EE6C700DAC26D /* Supporting Files */,
			);
			path = VIPERDemo;
			sourceTree = "<group>";
		};
		D61E0D541D6EE6C700DAC26D /* Supporting Files */ = {
			isa = PBXGroup;
			children = (
				D61E0D551D6EE6C700DAC26D /* main.m */,
			);
			name = "Supporting Files";
			sourceTree = "<group>";
		};
		D61E0D701D6EFD1E00DAC26D /* ListModule */ = {
			isa = PBXGroup;
			children = (
				D6F668101D72883C00192E24 /* ListModule.h */,
				D6F6682B1D74F7E500192E24 /* Protocols */,
				D6F668311D74F86300192E24 /* ListAccount */,
				D6F668461D74F87300192E24 /* ListContact */,
			);
			path = ListModule;
			sourceTree = "<group>";
		};
		D61E0D711D6EFD2A00DAC26D /* DetailModule */ = {
			isa = PBXGroup;
			children = (
				D61E0D951D6F011900DAC26D /* Interactor */,
				D61E0D961D6F011900DAC26D /* Presenter */,
				D61E0D971D6F011900DAC26D /* View */,
				D61E0D981D6F011900DAC26D /* Wireframe */,
			);
			path = DetailModule;
			sourceTree = "<group>";
		};
		D61E0D721D6EFD3400DAC26D /* AppContainerModule */ = {
			isa = PBXGroup;
			children = (
				D61E0DB91D6FD6F300DAC26D /* AppContainerModule.h */,
				D61E0D941D6F011100DAC26D /* Wireframe */,
				D61E0D921D6F011100DAC26D /* Presenter */,
				D61E0D931D6F011100DAC26D /* View */,
				D6F668201D73426900192E24 /* ViewModel */,
				D61E0D911D6F011100DAC26D /* Interactor */,
			);
			path = AppContainerModule;
			sourceTree = "<group>";
		};
		D61E0D771D6EFDDA00DAC26D /* Core */ = {
			isa = PBXGroup;
			children = (
				D61E0D851D6F004300DAC26D /* Account */,
				D61E0D781D6EFE1300DAC26D /* Contact */,
			);
			path = Core;
			sourceTree = "<group>";
		};
		D61E0D781D6EFE1300DAC26D /* Contact */ = {
			isa = PBXGroup;
			children = (
				D61E0D821D6F003600DAC26D /* ContactModel.h */,
				D61E0D831D6F003600DAC26D /* ContactModel.m */,
				D61E0D791D6EFE4400DAC26D /* APIService */,
				D61E0D7A1D6EFE4C00DAC26D /* LocalStorage */,
			);
			path = Contact;
			sourceTree = "<group>";
		};
		D61E0D791D6EFE4400DAC26D /* APIService */ = {
			isa = PBXGroup;
			children = (
				D61E0D7C1D6EFF4900DAC26D /* ContactAPIService.h */,
				D61E0D7D1D6EFF4900DAC26D /* ContactAPIService.m */,
			);
			path = APIService;
			sourceTree = "<group>";
		};
		D61E0D7A1D6EFE4C00DAC26D /* LocalStorage */ = {
			isa = PBXGroup;
			children = (
				D61E0D7F1D6EFF6B00DAC26D /* ContactDBStore.h */,
				D61E0D801D6EFF6B00DAC26D /* ContactDBStore.m */,
			);
			path = LocalStorage;
			sourceTree = "<group>";
		};
		D61E0D7B1D6EFF0600DAC26D /* Libraries */ = {
			isa = PBXGroup;
			children = (
			);
			path = Libraries;
			sourceTree = "<group>";
		};
		D61E0D851D6F004300DAC26D /* Account */ = {
			isa = PBXGroup;
			children = (
				D61E0D861D6F005300DAC26D /* AccountModel.h */,
				D61E0D871D6F005300DAC26D /* AccountModel.m */,
				D61E0D891D6F005A00DAC26D /* APIService */,
				D61E0D8A1D6F006100DAC26D /* LocalStorage */,
			);
			path = Account;
			sourceTree = "<group>";
		};
		D61E0D891D6F005A00DAC26D /* APIService */ = {
			isa = PBXGroup;
			children = (
				D61E0D8B1D6F007700DAC26D /* AccountAPIService.h */,
				D61E0D8C1D6F007700DAC26D /* AccountAPIService.m */,
			);
			path = APIService;
			sourceTree = "<group>";
		};
		D61E0D8A1D6F006100DAC26D /* LocalStorage */ = {
			isa = PBXGroup;
			children = (
				D61E0D8E1D6F00D500DAC26D /* AccountDBStore.h */,
				D61E0D8F1D6F00D500DAC26D /* AccountDBStore.m */,
			);
			path = LocalStorage;
			sourceTree = "<group>";
		};
		D61E0D911D6F011100DAC26D /* Interactor */ = {
			isa = PBXGroup;
			children = (
				D61E0D991D6F013D00DAC26D /* AppContainerInteractor.h */,
				D61E0DB01D6FBCDD00DAC26D /* DemoAppContainerInteractor.h */,
				D61E0DB11D6FBCDD00DAC26D /* DemoAppContainerInteractor.m */,
			);
			path = Interactor;
			sourceTree = "<group>";
		};
		D61E0D921D6F011100DAC26D /* Presenter */ = {
			isa = PBXGroup;
			children = (
				D61E0D9A1D6F018300DAC26D /* AppContainerPresenter.h */,
				D61E0DB31D6FBCE800DAC26D /* DemoAppContainerPresenter.h */,
				D61E0DB41D6FBCE800DAC26D /* DemoAppContainerPresenter.m */,
			);
			path = Presenter;
			sourceTree = "<group>";
		};
		D61E0D931D6F011100DAC26D /* View */ = {
			isa = PBXGroup;
			children = (
				D61E0D9B1D6F019400DAC26D /* AppContainerView.h */,
				D61E0DB61D6FBD0200DAC26D /* DemoAppContainerViewController.h */,
				D61E0DB71D6FBD0200DAC26D /* DemoAppContainerViewController.m */,
				D61E0DC21D6FDEA200DAC26D /* DemoAppContainerViewController.xib */,
			);
			path = View;
			sourceTree = "<group>";
		};
		D61E0D941D6F011100DAC26D /* Wireframe */ = {
			isa = PBXGroup;
			children = (
				D61E0D9C1D6F01C100DAC26D /* AppContainerWireframe.h */,
				D61E0DAD1D6FBC8500DAC26D /* DemoAppContainerWireframe.h */,
				D61E0DAE1D6FBC8500DAC26D /* DemoAppContainerWireframe.m */,
			);
			path = Wireframe;
			sourceTree = "<group>";
		};
		D61E0D951D6F011900DAC26D /* Interactor */ = {
			isa = PBXGroup;
			children = (
				D61E0DA11D6F025A00DAC26D /* DetailInteractor.h */,
			);
			path = Interactor;
			sourceTree = "<group>";
		};
		D61E0D961D6F011900DAC26D /* Presenter */ = {
			isa = PBXGroup;
			children = (
				D61E0DA21D6F026500DAC26D /* DetailPresenter.h */,
			);
			path = Presenter;
			sourceTree = "<group>";
		};
		D61E0D971D6F011900DAC26D /* View */ = {
			isa = PBXGroup;
			children = (
				D61E0DA31D6F026F00DAC26D /* DetailView.h */,
			);
			path = View;
			sourceTree = "<group>";
		};
		D61E0D981D6F011900DAC26D /* Wireframe */ = {
			isa = PBXGroup;
			children = (
				D61E0DA41D6F027A00DAC26D /* DetailWireframe.h */,
			);
			path = Wireframe;
			sourceTree = "<group>";
		};
		D61E0DBA1D6FDA3700DAC26D /* AppRoot */ = {
			isa = PBXGroup;
			children = (
				D61E0DBB1D6FDA7500DAC26D /* AppDelegate.h */,
				D61E0DBC1D6FDA7500DAC26D /* AppDelegate.m */,
			);
			path = AppRoot;
			sourceTree = "<group>";
		};
		D6F668201D73426900192E24 /* ViewModel */ = {
			isa = PBXGroup;
			children = (
				D6F668211D73428E00192E24 /* AppContainerViewModel.h */,
				D6F668221D73428E00192E24 /* DemoAppContainerViewModel.h */,
				D6F668231D73428E00192E24 /* DemoAppContainerViewModel.m */,
			);
			path = ViewModel;
			sourceTree = "<group>";
		};
		D6F6682B1D74F7E500192E24 /* Protocols */ = {
			isa = PBXGroup;
			children = (
				D6F6682C1D74F84D00192E24 /* ListInteractor.h */,
				D6F6682D1D74F84D00192E24 /* ListPresenter.h */,
				D6F6682E1D74F84D00192E24 /* ListView.h */,
				D6F6682F1D74F84D00192E24 /* ListViewModel.h */,
				D6F668301D74F84D00192E24 /* ListWireframe.h */,
			);
			path = Protocols;
			sourceTree = "<group>";
		};
		D6F668311D74F86300192E24 /* ListAccount */ = {
			isa = PBXGroup;
			children = (
				D6F668321D74F86300192E24 /* Interactor */,
				D6F668351D74F86300192E24 /* Presenter */,
				D6F668381D74F86300192E24 /* View */,
				D6F6683B1D74F86300192E24 /* ViewModel */,
				D6F6683E1D74F86300192E24 /* Wireframe */,
			);
			path = ListAccount;
			sourceTree = "<group>";
		};
		D6F668321D74F86300192E24 /* Interactor */ = {
			isa = PBXGroup;
			children = (
				D6F668331D74F86300192E24 /* ListAccountInteractor.h */,
				D6F668341D74F86300192E24 /* ListAccountInteractor.m */,
			);
			path = Interactor;
			sourceTree = "<group>";
		};
		D6F668351D74F86300192E24 /* Presenter */ = {
			isa = PBXGroup;
			children = (
				D6F668361D74F86300192E24 /* ListAccountPresenter.h */,
				D6F668371D74F86300192E24 /* ListAccountPresenter.m */,
			);
			path = Presenter;
			sourceTree = "<group>";
		};
		D6F668381D74F86300192E24 /* View */ = {
			isa = PBXGroup;
			children = (
				D6F668391D74F86300192E24 /* ListAccountViewController.h */,
				D6F6683A1D74F86300192E24 /* ListAccountViewController.m */,
			);
			path = View;
			sourceTree = "<group>";
		};
		D6F6683B1D74F86300192E24 /* ViewModel */ = {
			isa = PBXGroup;
			children = (
				D6F6683C1D74F86300192E24 /* ListAccountViewModel.h */,
				D6F6683D1D74F86300192E24 /* ListAccountViewModel.m */,
			);
			path = ViewModel;
			sourceTree = "<group>";
		};
		D6F6683E1D74F86300192E24 /* Wireframe */ = {
			isa = PBXGroup;
			children = (
				D6F6683F1D74F86300192E24 /* ListAccountWireframe.h */,
				D6F668401D74F86300192E24 /* ListAccountWireframe.m */,
			);
			path = Wireframe;
			sourceTree = "<group>";
		};
		D6F668461D74F87300192E24 /* ListContact */ = {
			isa = PBXGroup;
			children = (
				D6F668471D74F87300192E24 /* Interactor */,
				D6F6684A1D74F87300192E24 /* Presenter */,
				D6F6684D1D74F87300192E24 /* View */,
				D6F668501D74F87300192E24 /* ViewModel */,
				D6F668531D74F87300192E24 /* Wireframe */,
			);
			path = ListContact;
			sourceTree = "<group>";
		};
		D6F668471D74F87300192E24 /* Interactor */ = {
			isa = PBXGroup;
			children = (
				D6F668481D74F87300192E24 /* ListContactInteractor.h */,
				D6F668491D74F87300192E24 /* ListContactInteractor.m */,
			);
			path = Interactor;
			sourceTree = "<group>";
		};
		D6F6684A1D74F87300192E24 /* Presenter */ = {
			isa = PBXGroup;
			children = (
				D6F6684B1D74F87300192E24 /* ListContactPresenter.h */,
				D6F6684C1D74F87300192E24 /* ListContactPresenter.m */,
			);
			path = Presenter;
			sourceTree = "<group>";
		};
		D6F6684D1D74F87300192E24 /* View */ = {
			isa = PBXGroup;
			children = (
				D6F6684E1D74F87300192E24 /* ListContactViewController.h */,
				D6F6684F1D74F87300192E24 /* ListContactViewController.m */,
			);
			path = View;
			sourceTree = "<group>";
		};
		D6F668501D74F87300192E24 /* ViewModel */ = {
			isa = PBXGroup;
			children = (
				D6F668511D74F87300192E24 /* ListContactViewModel.h */,
				D6F668521D74F87300192E24 /* ListContactViewModel.m */,
			);
			path = ViewModel;
			sourceTree = "<group>";
		};
		D6F668531D74F87300192E24 /* Wireframe */ = {
			isa = PBXGroup;
			children = (
				D6F668541D74F87300192E24 /* ListContactWireframe.h */,
				D6F668551D74F87300192E24 /* ListContactWireframe.m */,
			);
			path = Wireframe;
			sourceTree = "<group>";
		};
		DB774B703D3B0BC63A6C2E2B /* Frameworks */ = {
			isa = PBXGroup;
			children = (
				4707886A20050BC123243649 /* libPods-VIPERDemo.a */,
			);
			name = Frameworks;
			sourceTree = "<group>";
		};
/* End PBXGroup section */

/* Begin PBXNativeTarget section */
		D61E0D501D6EE6C700DAC26D /* VIPERDemo */ = {
			isa = PBXNativeTarget;
			buildConfigurationList = D61E0D6B1D6EE6C700DAC26D /* Build configuration list for PBXNativeTarget "VIPERDemo" */;
			buildPhases = (
				97805085D5D8EF8B7C84AEFB /* [CP] Check Pods Manifest.lock */,
				D61E0D4D1D6EE6C700DAC26D /* Sources */,
				D61E0D4E1D6EE6C700DAC26D /* Frameworks */,
				D61E0D4F1D6EE6C700DAC26D /* Resources */,
				631765453FFB69F854D25F94 /* [CP] Embed Pods Frameworks */,
				0934B976C4C9052611F8ACBE /* [CP] Copy Pods Resources */,
			);
			buildRules = (
			);
			dependencies = (
			);
			name = VIPERDemo;
			productName = VIPERDemo;
			productReference = D61E0D511D6EE6C700DAC26D /* VIPERDemo.app */;
			productType = "com.apple.product-type.application";
		};
/* End PBXNativeTarget section */

/* Begin PBXProject section */
		D61E0D491D6EE6C700DAC26D /* Project object */ = {
			isa = PBXProject;
			attributes = {
				LastUpgradeCheck = 0730;
				ORGANIZATIONNAME = GEM;
				TargetAttributes = {
					D61E0D501D6EE6C700DAC26D = {
						CreatedOnToolsVersion = 7.3.1;
					};
				};
			};
			buildConfigurationList = D61E0D4C1D6EE6C700DAC26D /* Build configuration list for PBXProject "VIPERDemo" */;
			compatibilityVersion = "Xcode 3.2";
			developmentRegion = English;
			hasScannedForEncodings = 0;
			knownRegions = (
				en,
				Base,
			);
			mainGroup = D61E0D481D6EE6C700DAC26D;
			productRefGroup = D61E0D521D6EE6C700DAC26D /* Products */;
			projectDirPath = "";
			projectRoot = "";
			targets = (
				D61E0D501D6EE6C700DAC26D /* VIPERDemo */,
			);
		};
/* End PBXProject section */

/* Begin PBXResourcesBuildPhase section */
		D61E0D4F1D6EE6C700DAC26D /* Resources */ = {
			isa = PBXResourcesBuildPhase;
			buildActionMask = 2147483647;
			files = (
				D61E0D671D6EE6C700DAC26D /* LaunchScreen.storyboard in Resources */,
				D61E0DC31D6FDEA200DAC26D /* DemoAppContainerViewController.xib in Resources */,
				D61E0D641D6EE6C700DAC26D /* Assets.xcassets in Resources */,
				D61E0D5F1D6EE6C700DAC26D /* Main.storyboard in Resources */,
			);
			runOnlyForDeploymentPostprocessing = 0;
		};
/* End PBXResourcesBuildPhase section */

/* Begin PBXShellScriptBuildPhase section */
		0934B976C4C9052611F8ACBE /* [CP] Copy Pods Resources */ = {
			isa = PBXShellScriptBuildPhase;
			buildActionMask = 2147483647;
			files = (
			);
			inputPaths = (
			);
			name = "[CP] Copy Pods Resources";
			outputPaths = (
			);
			runOnlyForDeploymentPostprocessing = 0;
			shellPath = /bin/sh;
			shellScript = "\"${SRCROOT}/Pods/Target Support Files/Pods-VIPERDemo/Pods-VIPERDemo-resources.sh\"\n";
			showEnvVarsInLog = 0;
		};
		631765453FFB69F854D25F94 /* [CP] Embed Pods Frameworks */ = {
			isa = PBXShellScriptBuildPhase;
			buildActionMask = 2147483647;
			files = (
			);
			inputPaths = (
			);
			name = "[CP] Embed Pods Frameworks";
			outputPaths = (
			);
			runOnlyForDeploymentPostprocessing = 0;
			shellPath = /bin/sh;
			shellScript = "\"${SRCROOT}/Pods/Target Support Files/Pods-VIPERDemo/Pods-VIPERDemo-frameworks.sh\"\n";
			showEnvVarsInLog = 0;
		};
		97805085D5D8EF8B7C84AEFB /* [CP] Check Pods Manifest.lock */ = {
			isa = PBXShellScriptBuildPhase;
			buildActionMask = 2147483647;
			files = (
			);
			inputPaths = (
			);
			name = "[CP] Check Pods Manifest.lock";
			outputPaths = (
			);
			runOnlyForDeploymentPostprocessing = 0;
			shellPath = /bin/sh;
			shellScript = "diff \"${PODS_ROOT}/../Podfile.lock\" \"${PODS_ROOT}/Manifest.lock\" > /dev/null\nif [[ $? != 0 ]] ; then\n    cat << EOM\nerror: The sandbox is not in sync with the Podfile.lock. Run 'pod install' or update your CocoaPods installation.\nEOM\n    exit 1\nfi\n";
			showEnvVarsInLog = 0;
		};
/* End PBXShellScriptBuildPhase section */

/* Begin PBXSourcesBuildPhase section */
		D61E0D4D1D6EE6C700DAC26D /* Sources */ = {
			isa = PBXSourcesBuildPhase;
			buildActionMask = 2147483647;
			files = (
				D6F668451D74F86300192E24 /* ListAccountWireframe.m in Sources */,
				D61E0D8D1D6F007700DAC26D /* AccountAPIService.m in Sources */,
				D61E0D7E1D6EFF4900DAC26D /* ContactAPIService.m in Sources */,
				D6F668421D74F86300192E24 /* ListAccountPresenter.m in Sources */,
				D61E0D841D6F003600DAC26D /* ContactModel.m in Sources */,
				D61E0DB81D6FBD0200DAC26D /* DemoAppContainerViewController.m in Sources */,
				D61E0DB51D6FBCE800DAC26D /* DemoAppContainerPresenter.m in Sources */,
				D61E0D811D6EFF6B00DAC26D /* ContactDBStore.m in Sources */,
				D6F668431D74F86300192E24 /* ListAccountViewController.m in Sources */,
				D6F668241D73428E00192E24 /* DemoAppContainerViewModel.m in Sources */,
				D6F668581D74F87300192E24 /* ListContactViewController.m in Sources */,
				D6F668561D74F87300192E24 /* ListContactInteractor.m in Sources */,
				D6F668591D74F87300192E24 /* ListContactViewModel.m in Sources */,
				D61E0D621D6EE6C700DAC26D /* VIPERDemo.xcdatamodeld in Sources */,
				D61E0DC01D6FDA7500DAC26D /* AppDelegate.m in Sources */,
				D61E0D901D6F00D500DAC26D /* AccountDBStore.m in Sources */,
				D6F668411D74F86300192E24 /* ListAccountInteractor.m in Sources */,
				D61E0D561D6EE6C700DAC26D /* main.m in Sources */,
				D61E0DAF1D6FBC8500DAC26D /* DemoAppContainerWireframe.m in Sources */,
				D61E0D881D6F005300DAC26D /* AccountModel.m in Sources */,
				D6F6685A1D74F87300192E24 /* ListContactWireframe.m in Sources */,
				D6F668441D74F86300192E24 /* ListAccountViewModel.m in Sources */,
				D6F668571D74F87300192E24 /* ListContactPresenter.m in Sources */,
				D61E0DB21D6FBCDD00DAC26D /* DemoAppContainerInteractor.m in Sources */,
			);
			runOnlyForDeploymentPostprocessing = 0;
		};
/* End PBXSourcesBuildPhase section */

/* Begin PBXVariantGroup section */
		D61E0D5D1D6EE6C700DAC26D /* Main.storyboard */ = {
			isa = PBXVariantGroup;
			children = (
				D61E0D5E1D6EE6C700DAC26D /* Base */,
			);
			name = Main.storyboard;
			sourceTree = "<group>";
		};
		D61E0D651D6EE6C700DAC26D /* LaunchScreen.storyboard */ = {
			isa = PBXVariantGroup;
			children = (
				D61E0D661D6EE6C700DAC26D /* Base */,
			);
			name = LaunchScreen.storyboard;
			sourceTree = "<group>";
		};
/* End PBXVariantGroup section */

/* Begin XCBuildConfiguration section */
		D61E0D691D6EE6C700DAC26D /* Debug */ = {
			isa = XCBuildConfiguration;
			buildSettings = {
				ALWAYS_SEARCH_USER_PATHS = NO;
				CLANG_ANALYZER_NONNULL = YES;
				CLANG_CXX_LANGUAGE_STANDARD = "gnu++0x";
				CLANG_CXX_LIBRARY = "libc++";
				CLANG_ENABLE_MODULES = YES;
				CLANG_ENABLE_OBJC_ARC = YES;
				CLANG_WARN_BOOL_CONVERSION = YES;
				CLANG_WARN_CONSTANT_CONVERSION = YES;
				CLANG_WARN_DIRECT_OBJC_ISA_USAGE = YES_ERROR;
				CLANG_WARN_EMPTY_BODY = YES;
				CLANG_WARN_ENUM_CONVERSION = YES;
				CLANG_WARN_INT_CONVERSION = YES;
				CLANG_WARN_OBJC_ROOT_CLASS = YES_ERROR;
				CLANG_WARN_UNREACHABLE_CODE = YES;
				CLANG_WARN__DUPLICATE_METHOD_MATCH = YES;
				"CODE_SIGN_IDENTITY[sdk=iphoneos*]" = "iPhone Developer";
				COPY_PHASE_STRIP = NO;
				DEBUG_INFORMATION_FORMAT = dwarf;
				ENABLE_STRICT_OBJC_MSGSEND = YES;
				ENABLE_TESTABILITY = YES;
				GCC_C_LANGUAGE_STANDARD = gnu99;
				GCC_DYNAMIC_NO_PIC = NO;
				GCC_NO_COMMON_BLOCKS = YES;
				GCC_OPTIMIZATION_LEVEL = 0;
				GCC_PREPROCESSOR_DEFINITIONS = (
					"DEBUG=1",
					"$(inherited)",
				);
				GCC_WARN_64_TO_32_BIT_CONVERSION = YES;
				GCC_WARN_ABOUT_RETURN_TYPE = YES_ERROR;
				GCC_WARN_UNDECLARED_SELECTOR = YES;
				GCC_WARN_UNINITIALIZED_AUTOS = YES_AGGRESSIVE;
				GCC_WARN_UNUSED_FUNCTION = YES;
				GCC_WARN_UNUSED_VARIABLE = YES;
				IPHONEOS_DEPLOYMENT_TARGET = 9.3;
				MTL_ENABLE_DEBUG_INFO = YES;
				ONLY_ACTIVE_ARCH = YES;
				SDKROOT = iphoneos;
				TARGETED_DEVICE_FAMILY = "1,2";
			};
			name = Debug;
		};
		D61E0D6A1D6EE6C700DAC26D /* Release */ = {
			isa = XCBuildConfiguration;
			buildSettings = {
				ALWAYS_SEARCH_USER_PATHS = NO;
				CLANG_ANALYZER_NONNULL = YES;
				CLANG_CXX_LANGUAGE_STANDARD = "gnu++0x";
				CLANG_CXX_LIBRARY = "libc++";
				CLANG_ENABLE_MODULES = YES;
				CLANG_ENABLE_OBJC_ARC = YES;
				CLANG_WARN_BOOL_CONVERSION = YES;
				CLANG_WARN_CONSTANT_CONVERSION = YES;
				CLANG_WARN_DIRECT_OBJC_ISA_USAGE = YES_ERROR;
				CLANG_WARN_EMPTY_BODY = YES;
				CLANG_WARN_ENUM_CONVERSION = YES;
				CLANG_WARN_INT_CONVERSION = YES;
				CLANG_WARN_OBJC_ROOT_CLASS = YES_ERROR;
				CLANG_WARN_UNREACHABLE_CODE = YES;
				CLANG_WARN__DUPLICATE_METHOD_MATCH = YES;
				"CODE_SIGN_IDENTITY[sdk=iphoneos*]" = "iPhone Developer";
				COPY_PHASE_STRIP = NO;
				DEBUG_INFORMATION_FORMAT = "dwarf-with-dsym";
				ENABLE_NS_ASSERTIONS = NO;
				ENABLE_STRICT_OBJC_MSGSEND = YES;
				GCC_C_LANGUAGE_STANDARD = gnu99;
				GCC_NO_COMMON_BLOCKS = YES;
				GCC_WARN_64_TO_32_BIT_CONVERSION = YES;
				GCC_WARN_ABOUT_RETURN_TYPE = YES_ERROR;
				GCC_WARN_UNDECLARED_SELECTOR = YES;
				GCC_WARN_UNINITIALIZED_AUTOS = YES_AGGRESSIVE;
				GCC_WARN_UNUSED_FUNCTION = YES;
				GCC_WARN_UNUSED_VARIABLE = YES;
				IPHONEOS_DEPLOYMENT_TARGET = 9.3;
				MTL_ENABLE_DEBUG_INFO = NO;
				SDKROOT = iphoneos;
				TARGETED_DEVICE_FAMILY = "1,2";
				VALIDATE_PRODUCT = YES;
			};
			name = Release;
		};
		D61E0D6C1D6EE6C700DAC26D /* Debug */ = {
			isa = XCBuildConfiguration;
			baseConfigurationReference = C5907DB2733FD8F84D0A2057 /* Pods-VIPERDemo.debug.xcconfig */;
			buildSettings = {
				ASSETCATALOG_COMPILER_APPICON_NAME = AppIcon;
				INFOPLIST_FILE = VIPERDemo/Info.plist;
				LD_RUNPATH_SEARCH_PATHS = "$(inherited) @executable_path/Frameworks";
				PRODUCT_BUNDLE_IDENTIFIER = com.gem.VIPERDemo;
				PRODUCT_NAME = "$(TARGET_NAME)";
				TARGETED_DEVICE_FAMILY = 2;
			};
			name = Debug;
		};
		D61E0D6D1D6EE6C700DAC26D /* Release */ = {
			isa = XCBuildConfiguration;
			baseConfigurationReference = 516679E5E17EF0BD650EE455 /* Pods-VIPERDemo.release.xcconfig */;
			buildSettings = {
				ASSETCATALOG_COMPILER_APPICON_NAME = AppIcon;
				INFOPLIST_FILE = VIPERDemo/Info.plist;
				LD_RUNPATH_SEARCH_PATHS = "$(inherited) @executable_path/Frameworks";
				PRODUCT_BUNDLE_IDENTIFIER = com.gem.VIPERDemo;
				PRODUCT_NAME = "$(TARGET_NAME)";
				TARGETED_DEVICE_FAMILY = 2;
			};
			name = Release;
		};
/* End XCBuildConfiguration section */

/* Begin XCConfigurationList section */
		D61E0D4C1D6EE6C700DAC26D /* Build configuration list for PBXProject "VIPERDemo" */ = {
			isa = XCConfigurationList;
			buildConfigurations = (
				D61E0D691D6EE6C700DAC26D /* Debug */,
				D61E0D6A1D6EE6C700DAC26D /* Release */,
			);
			defaultConfigurationIsVisible = 0;
			defaultConfigurationName = Release;
		};
		D61E0D6B1D6EE6C700DAC26D /* Build configuration list for PBXNativeTarget "VIPERDemo" */ = {
			isa = XCConfigurationList;
			buildConfigurations = (
				D61E0D6C1D6EE6C700DAC26D /* Debug */,
				D61E0D6D1D6EE6C700DAC26D /* Release */,
			);
			defaultConfigurationIsVisible = 0;
			defaultConfigurationName = Release;
		};
/* End XCConfigurationList section */

/* Begin XCVersionGroup section */
		D61E0D601D6EE6C700DAC26D /* VIPERDemo.xcdatamodeld */ = {
			isa = XCVersionGroup;
			children = (
				D61E0D611D6EE6C700DAC26D /* VIPERDemo.xcdatamodel */,
			);
			currentVersion = D61E0D611D6EE6C700DAC26D /* VIPERDemo.xcdatamodel */;
			path = VIPERDemo.xcdatamodeld;
			sourceTree = "<group>";
			versionGroupType = wrapper.xcdatamodel;
		};
/* End XCVersionGroup section */
	};
	rootObject = D61E0D491D6EE6C700DAC26D /* Project object */;
}
